
Microsoft Visual Studio Solution File, Format Version 12.00
# Visual Studio Version 17
VisualStudioVersion = 17.5.33530.505
MinimumVisualStudioVersion = 10.0.40219.1
Project("{FAE04EC0-301F-11D3-BF4B-00C04F79EFBC}") = "UnitCircle", "UnitCircle.csproj", "{E97FE356-E241-40D0-BA9F-2198A8ACEE28}"
EndProject
Global
	GlobalSection(SolutionConfigurationPlatforms) = preSolution
		Debug|Any CPU = Debug|Any CPU
		Release|Any CPU = Release|Any CPU
	EndGlobalSection
	GlobalSection(ProjectConfigurationPlatforms) = postSolution
		{E97FE356-E241-40D0-BA9F-2198A8ACEE28}.Debug|Any CPU.ActiveCfg = Debug|Any CPU
		{E97FE356-E241-40D0-BA9F-2198A8ACEE28}.Debug|Any CPU.Build.0 = Debug|Any CPU
		{E97FE356-E241-40D0-BA9F-2198A8ACEE28}.Release|Any CPU.ActiveCfg = Release|Any CPU
		{E97FE356-E241-40D0-BA9F-2198A8ACEE28}.Release|Any CPU.Build.0 = Release|Any CPU
	EndGlobalSection
	GlobalSection(SolutionProperties) = preSolution
		HideSolutionNode = FALSE
	EndGlobalSection
	GlobalSection(ExtensibilityGlobals) = postSolution
		SolutionGuid = {C173D1A2-067C-4660-AA13-A81D7B360337}
	EndGlobalSection
EndGlobal
